github.com/mark3labs/mcp-go v0.56.0 h1:7aCj2wODCskMi08f923ADG+EfELZBdiKILny415cIS8=
github.com/mark3labs/mcp-go v0.56.0/go.mod h1:+8WclSK1ZUweCP3hvktSji8n8ABG/95QaEkeVE/Uwas=
github.com/prometheus/prometheus v0.313.1 h1:BOyoPuxCL+58NpuZ0ovKuKo8ALmVLTCTIM7r8znt6z8=
github.com/prometheus/prometheus v0.313.1/go.mod h1:Kq9A+EPun2WyVusbQxO7Tx1RxKqLKFclfiBGJA1mFkk=
