github.com/grafana/grafana-plugin-sdk-go v0.292.1 h1:8wvKUqIOtbHC43WIr6kheIGdV6q4SMyWU9+jxcUA6mE=
github.com/grafana/grafana-plugin-sdk-go v0.292.1/go.mod h1:RM/Ku+hoyicIO/UVsGeFJfed/3/iXaCT3opiwE69THY=
github.com/magefile/mage v1.17.2 h1:fyXVu1eadI8Ap1HCCNgEhJ5McIWiYhLR8uol64ZZc40=
github.com/magefile/mage v1.17.2/go.mod h1:Yj51kqllmsgFpvvSzgrZPK9WtluG3kUhFaBUVLo4feA=
